{
  "requires": true,
  "lockfileVersion": 1,
  "dependencies": {
    "@babel/runtime": {
      "version": "7.17.9",
      "resolved": "https://registry.npmjs.org/@babel/runtime/-/runtime-7.17.9.tgz",
      "integrity": "sha512-lSiBBvodq29uShpWGNbgFdKYNiFDo5/HIYsaCEY9ff4sb10x9jizo2+pRrSyF4jKZCXqgzuqBOQKbUm90gQwJg==",
      "requires": {
        "regenerator-runtime": "^0.13.4"
      }
    },
    "automation-events": {
      "version": "4.0.15",
      "resolved": "https://registry.npmjs.org/automation-events/-/automation-events-4.0.15.tgz",
      "integrity": "sha512-58S7TZEii10lx4SABD/B52uMZXN30FWbfM06+3Kgo602YvWbhPQG2IiOvr/7iI5x7fjrqPNVjAigA0C/kOA28g==",
      "requires": {
        "@babel/runtime": "^7.17.9",
        "tslib": "^2.3.1"
      }
    },
    "broker-factory": {
      "version": "3.0.60",
      "resolved": "https://registry.npmjs.org/broker-factory/-/broker-factory-3.0.60.tgz",
      "integrity": "sha512-5bEGI9YEouRl4sARcRC989ziqGBhBWRpnC/zA7IeBkUY+/AApnJnDqBhflA761t1836LkLD1HDpss5pbxV5NUA==",
      "requires": {
        "@babel/runtime": "^7.17.9",
        "fast-unique-numbers": "^6.0.14",
        "tslib": "^2.3.1",
        "worker-factory": "^6.0.60"
      }
    },
    "compilerr": {
      "version": "9.0.14",
      "resolved": "https://registry.npmjs.org/compilerr/-/compilerr-9.0.14.tgz",
      "integrity": "sha512-XA4QpEpJNLM0NGEUkp++GpIM/BAbnypPclqmOC3+ymKS8QxFZGJg5S5VjWfeDdy0ZdhXF792KqqA7hrR6Qy5Pw==",
      "requires": {
        "@babel/runtime": "^7.17.9",
        "dashify": "^2.0.0",
        "indefinite-article": "0.0.2",
        "tslib": "^2.3.1"
      }
    },
    "dashify": {
      "version": "2.0.0",
      "resolved": "https://registry.npmjs.org/dashify/-/dashify-2.0.0.tgz",
      "integrity": "sha512-hpA5C/YrPjucXypHPPc0oJ1l9Hf6wWbiOL7Ik42cxnsUOhWiCB/fylKbKqqJalW9FgkNQCw16YO8uW9Hs0Iy1A=="
    },
    "extendable-media-recorder": {
      "version": "6.6.4",
      "resolved": "https://registry.npmjs.org/extendable-media-recorder/-/extendable-media-recorder-6.6.4.tgz",
      "integrity": "sha512-UeRmkjQhW3sh+LjqYw0Oc9PB0hZEFIEGNovK+tuR1Tdyl8eklkh+goSaJ/TdJGwWAVBFq57RxUDwLOUK7OGEiw==",
      "requires": {
        "@babel/runtime": "^7.17.9",
        "media-encoder-host": "^8.0.69",
        "multi-buffer-data-view": "^3.0.15",
        "recorder-audio-worklet": "^5.1.21",
        "standardized-audio-context": "^25.3.23",
        "subscribable-things": "^2.1.1",
        "tslib": "^2.3.1"
      }
    },
    "extendable-media-recorder-wav-encoder-broker": {
      "version": "7.0.61",
      "resolved": "https://registry.npmjs.org/extendable-media-recorder-wav-encoder-broker/-/extendable-media-recorder-wav-encoder-broker-7.0.61.tgz",
      "integrity": "sha512-50+DMiU6PcQK4r4E9pSdHAYug1HPLK6CjYdUpKXY89o7Pd55NeLTMY7u5l4JRCvip783XL94ZMunltT8DIM6bQ==",
      "requires": {
        "@babel/runtime": "^7.17.9",
        "broker-factory": "^3.0.60",
        "extendable-media-recorder-wav-encoder-worker": "^8.0.60",
        "tslib": "^2.3.1"
      }
    },
    "extendable-media-recorder-wav-encoder-worker": {
      "version": "8.0.60",
      "resolved": "https://registry.npmjs.org/extendable-media-recorder-wav-encoder-worker/-/extendable-media-recorder-wav-encoder-worker-8.0.60.tgz",
      "integrity": "sha512-pBovILwgjAA2VfYritGrvubgxQmNQkibss7NV1G+/Qx140AHELIZUyKp+3d274eGbp9no1Xsxw3x7K8Lp/pRPg==",
      "requires": {
        "@babel/runtime": "^7.17.9",
        "tslib": "^2.3.1",
        "worker-factory": "^6.0.60"
      }
    },
    "fast-unique-numbers": {
      "version": "6.0.14",
      "resolved": "https://registry.npmjs.org/fast-unique-numbers/-/fast-unique-numbers-6.0.14.tgz",
      "integrity": "sha512-rW9DgiwmiOANREkJ9tmt68uZ4dfmJT6pKEkBO4wZMnoHkMcC2Z8lcHMZzKCySlXppwrT7XIishwZIO9e4zUkKw==",
      "requires": {
        "@babel/runtime": "^7.17.9",
        "tslib": "^2.3.1"
      }
    },
    "indefinite-article": {
      "version": "0.0.2",
      "resolved": "https://registry.npmjs.org/indefinite-article/-/indefinite-article-0.0.2.tgz",
      "integrity": "sha1-S8hVJXBmz6th6mi+unXRANbiUGs="
    },
    "media-encoder-host": {
      "version": "8.0.69",
      "resolved": "https://registry.npmjs.org/media-encoder-host/-/media-encoder-host-8.0.69.tgz",
      "integrity": "sha512-PfmVi0IPQuTjHnwPvGrELOEJ9oddBh2QIDRSKvN2sWsrtcXOo7UHGRzBrRaBEMANJLkJ573YZ6ZuSHEVZcFfGw==",
      "requires": {
        "@babel/runtime": "^7.17.9",
        "media-encoder-host-broker": "^7.0.61",
        "media-encoder-host-worker": "^9.0.61",
        "tslib": "^2.3.1"
      }
    },
    "media-encoder-host-broker": {
      "version": "7.0.61",
      "resolved": "https://registry.npmjs.org/media-encoder-host-broker/-/media-encoder-host-broker-7.0.61.tgz",
      "integrity": "sha512-j8MEy8MkvHksuCDNZPDUxRbvZ3VmeAANEVcCq89/+a0qk9TuhqaRfH3hSXhTHnGhDY7dZYJ5Ev7Q83RUQD8QmQ==",
      "requires": {
        "@babel/runtime": "^7.17.9",
        "broker-factory": "^3.0.60",
        "fast-unique-numbers": "^6.0.14",
        "media-encoder-host-worker": "^9.0.61",
        "tslib": "^2.3.1"
      }
    },
    "media-encoder-host-worker": {
      "version": "9.0.61",
      "resolved": "https://registry.npmjs.org/media-encoder-host-worker/-/media-encoder-host-worker-9.0.61.tgz",
      "integrity": "sha512-ztRMCh/m9FamBFn1GG1AuaXK2LS04oBtPi/DUy1aKOK/ddqtLWa3zJY2Y3qT3CWN+42Z1+m1anqGymzRvr7jDw==",
      "requires": {
        "@babel/runtime": "^7.17.9",
        "extendable-media-recorder-wav-encoder-broker": "^7.0.61",
        "tslib": "^2.3.1",
        "worker-factory": "^6.0.60"
      }
    },
    "multi-buffer-data-view": {
      "version": "3.0.15",
      "resolved": "https://registry.npmjs.org/multi-buffer-data-view/-/multi-buffer-data-view-3.0.15.tgz",
      "integrity": "sha512-hjvjKrJq0ERd4gL2sXjtNDOy7KJ/pcjSPA+ElNhAHVvTHxY4eAdFGZyHBpO/Q8CGKB2HeKEl52UiJwtjry+miQ==",
      "requires": {
        "@babel/runtime": "^7.17.9",
        "tslib": "^2.3.1"
      }
    },
    "recorder-audio-worklet": {
      "version": "5.1.21",
      "resolved": "https://registry.npmjs.org/recorder-audio-worklet/-/recorder-audio-worklet-5.1.21.tgz",
      "integrity": "sha512-pL0pr/Yd1DTXDqgYNmzpng/uWWQxMMHFeHpToC76FX8ZgHW3G0dkXiA2Uv42QRmGmkxfPDmceX4So8SfntbIAg==",
      "requires": {
        "@babel/runtime": "^7.17.9",
        "broker-factory": "^3.0.60",
        "fast-unique-numbers": "^6.0.14",
        "recorder-audio-worklet-processor": "^4.2.9",
        "standardized-audio-context": "^25.3.23",
        "subscribable-things": "^2.1.1",
        "tslib": "^2.3.1",
        "worker-factory": "^6.0.60"
      }
    },
    "recorder-audio-worklet-processor": {
      "version": "4.2.9",
      "resolved": "https://registry.npmjs.org/recorder-audio-worklet-processor/-/recorder-audio-worklet-processor-4.2.9.tgz",
      "integrity": "sha512-DnRW2OOoBVOPqknhNO2SV5R743t/SYLZWHfUcScGQAGMQ1gXJsYt2YDEBTUANhsdlOfiXSeWmDsbjrJLgVXKSg==",
      "requires": {
        "@babel/runtime": "^7.17.9",
        "tslib": "^2.3.1"
      }
    },
    "regenerator-runtime": {
      "version": "0.13.9",
      "resolved": "https://registry.npmjs.org/regenerator-runtime/-/regenerator-runtime-0.13.9.tgz",
      "integrity": "sha512-p3VT+cOEgxFsRRA9X4lkI1E+k2/CtnKtU4gcxyaCUreilL/vqI6CdZ3wxVUx3UOUg+gnUOQQcRI7BmSI656MYA=="
    },
    "rxjs-interop": {
      "version": "2.0.0",
      "resolved": "https://registry.npmjs.org/rxjs-interop/-/rxjs-interop-2.0.0.tgz",
      "integrity": "sha512-ASEq9atUw7lualXB+knvgtvwkCEvGWV2gDD/8qnASzBkzEARZck9JAyxmY8OS6Nc1pCPEgDTKNcx+YqqYfzArw=="
    },
    "standardized-audio-context": {
      "version": "25.3.23",
      "resolved": "https://registry.npmjs.org/standardized-audio-context/-/standardized-audio-context-25.3.23.tgz",
      "integrity": "sha512-4pDsYpOql/qAe+3iWnV0otsUyZYGCPA8h5UVSBclwc3gzsPN9pHCPWXGgI453JoM7IGLxNIdX0W1LOIdi5AgHQ==",
      "requires": {
        "@babel/runtime": "^7.17.9",
        "automation-events": "^4.0.15",
        "tslib": "^2.3.1"
      }
    },
    "subscribable-things": {
      "version": "2.1.1",
      "resolved": "https://registry.npmjs.org/subscribable-things/-/subscribable-things-2.1.1.tgz",
      "integrity": "sha512-IbNdeaS6el+r7/9G7fx3zmuT/JVwT8f5mOX5d4icDpnW+dlsd3kIJHSrYAou10/BO6biC9wLAFaVN6VljjECOw==",
      "requires": {
        "@babel/runtime": "^7.17.9",
        "rxjs-interop": "^2.0.0",
        "tslib": "^2.3.1"
      }
    },
    "tslib": {
      "version": "2.3.1",
      "resolved": "https://registry.npmjs.org/tslib/-/tslib-2.3.1.tgz",
      "integrity": "sha512-77EbyPPpMz+FRFRuAFlWMtmgUWGe9UOG2Z25NqCwiIjRhOf5iKGuzSe5P2w1laq+FkRy4p+PCuVkJSGkzTEKVw=="
    },
    "worker-factory": {
      "version": "6.0.60",
      "resolved": "https://registry.npmjs.org/worker-factory/-/worker-factory-6.0.60.tgz",
      "integrity": "sha512-y4uOgn3De5xUfgV2Zd/MklUPYNGocCaeoKzHmg2rTaPX8TznHNFZmekBZQ+s1mpVZSmpAiqsCjdHOgrXblsrCQ==",
      "requires": {
        "@babel/runtime": "^7.17.9",
        "compilerr": "^9.0.14",
        "fast-unique-numbers": "^6.0.14",
        "tslib": "^2.3.1"
      }
    }
  }
}
